{
  "pins" : [
    {
      "identity" : "cwlcatchexception",
      "kind" : "remoteSourceControl",
      "location" : "https://github.com/mattgallagher/CwlCatchException.git",
      "state" : {
        "revision" : "35f9e770f54ce62dd8526470f14c6e137cef3eea",
        "version" : "2.1.1"
      }
    },
    {
      "identity" : "cwlpreconditiontesting",
      "kind" : "remoteSourceControl",
      "location" : "https://github.com/mattgallagher/CwlPreconditionTesting.git",
      "state" : {
        "revision" : "c21f7bab5ca8eee0a9998bbd17ca1d0eb45d4688",
        "version" : "2.1.0"
      }
    },
    {
      "identity" : "kingfisher",
      "kind" : "remoteSourceControl",
      "location" : "https://github.com/onevcat/Kingfisher",
      "state" : {
        "revision" : "44e891bdb61426a95e31492a67c7c0dfad1f87c5",
        "version" : "7.4.1"
      }
    },
    {
      "identity" : "nimble",
      "kind" : "remoteSourceControl",
      "location" : "https://github.com/Quick/Nimble",
      "state" : {
        "branch" : "main",
        "revision" : "b7f6c49acdb247e3158198c5448b38c3cc595533"
      }
    },
    {
      "identity" : "quick",
      "kind" : "remoteSourceControl",
      "location" : "https://github.com/Quick/Quick.git",
      "state" : {
        "branch" : "main",
        "revision" : "16910e406be96e08923918315388c3e989deac9e"
      }
    },
    {
      "identity" : "snapkit",
      "kind" : "remoteSourceControl",
      "location" : "https://github.com/SnapKit/SnapKit",
      "state" : {
        "branch" : "develop",
        "revision" : "58320fe80522414bf3a7e24c88123581dc586752"
      }
    },
    {
      "identity" : "swift-snapshot-testing",
      "kind" : "remoteSourceControl",
      "location" : "https://github.com/pointfreeco/swift-snapshot-testing/",
      "state" : {
        "branch" : "main",
        "revision" : "7438026a0bcd5cc3b68a296ec978e8dfca8f7b15"
      }
    }
  ],
  "version" : 2
}
